// !$*UTF8*$!
{
	archiveVersion = 1;
	classes = {
	};
	objectVersion = 51;
	objects = {

/* Begin PBXBuildFile section */
		109A062F3FD64C93188EE6C1 /* Pods_NoteStack.framework in Frameworks */ = {isa = PBXBuildFile; fileRef = 6D16F7FB0606CCCF9B4B3F88 /* Pods_NoteStack.framework */; };
		9908614121F63EAD00494A28 /* AppDelegate.swift in Sources */ = {isa = PBXBuildFile; fileRef = 9908614021F63EAD00494A28 /* AppDelegate.swift */; };
		9908614321F63EAD00494A28 /* CurrentLocationViewController.swift in Sources */ = {isa = PBXBuildFile; fileRef = 9908614221F63EAD00494A28 /* CurrentLocationViewController.swift */; };
		9908614821F63EAD00494A28 /* Main.storyboard in Resources */ = {isa = PBXBuildFile; fileRef = 9908614621F63EAD00494A28 /* Main.storyboard */; };
		9908614A21F63EAE00494A28 /* Assets.xcassets in Resources */ = {isa = PBXBuildFile; fileRef = 9908614921F63EAE00494A28 /* Assets.xcassets */; };
		990983C32406DA41002A614B /* NoteGroupCell.swift in Sources */ = {isa = PBXBuildFile; fileRef = 990983C22406DA41002A614B /* NoteGroupCell.swift */; };
		9914558323F60428000F2FAE /* CurrentOrSearchController.swift in Sources */ = {isa = PBXBuildFile; fileRef = 9914558223F60428000F2FAE /* CurrentOrSearchController.swift */; };
		9922D217220CD207005445EC /* Pin.wav in Resources */ = {isa = PBXBuildFile; fileRef = 9922D216220CD207005445EC /* Pin.wav */; };
		9922D219220CD7E5005445EC /* Water.wav in Resources */ = {isa = PBXBuildFile; fileRef = 9922D218220CD7E5005445EC /* Water.wav */; };
		9922D21B220CD9AA005445EC /* Success.wav in Resources */ = {isa = PBXBuildFile; fileRef = 9922D21A220CD9AA005445EC /* Success.wav */; };
		9922D21F220CDF1F005445EC /* Click.wav in Resources */ = {isa = PBXBuildFile; fileRef = 9922D21E220CDF1F005445EC /* Click.wav */; };
		99247E7A23E8A89F00C7BB18 /* TempCustomClassViewController.swift in Sources */ = {isa = PBXBuildFile; fileRef = 99247E7923E8A89F00C7BB18 /* TempCustomClassViewController.swift */; };
		994E174523FB401400152C6C /* CategoryPopoverController.swift in Sources */ = {isa = PBXBuildFile; fileRef = 994E174423FB401400152C6C /* CategoryPopoverController.swift */; };
		994FE63F23FDCC3E007EDA09 /* SearchBarController.swift in Sources */ = {isa = PBXBuildFile; fileRef = 994FE63E23FDCC3E007EDA09 /* SearchBarController.swift */; };
		994FE64123FDCDDC007EDA09 /* LocationSearchTable.swift in Sources */ = {isa = PBXBuildFile; fileRef = 994FE64023FDCDDC007EDA09 /* LocationSearchTable.swift */; };
		9951FD1F2200D8EC00CC6F01 /* MapViewController.swift in Sources */ = {isa = PBXBuildFile; fileRef = 9951FD1E2200D8EC00CC6F01 /* MapViewController.swift */; };
		9951FD212204BA1F00CC6F01 /* UIImage+Resize.swift in Sources */ = {isa = PBXBuildFile; fileRef = 9951FD202204BA1F00CC6F01 /* UIImage+Resize.swift */; };
		9951FD232204D55C00CC6F01 /* String+AddText.swift in Sources */ = {isa = PBXBuildFile; fileRef = 9951FD222204D55C00CC6F01 /* String+AddText.swift */; };
		9951FD252204F16F00CC6F01 /* MyTabBarController.swift in Sources */ = {isa = PBXBuildFile; fileRef = 9951FD242204F16F00CC6F01 /* MyTabBarController.swift */; };
		9951FD272204F27E00CC6F01 /* MyImagePickerController.swift in Sources */ = {isa = PBXBuildFile; fileRef = 9951FD262204F27E00CC6F01 /* MyImagePickerController.swift */; };
		9951FD2A220A0AE300CC6F01 /* Sound.caf in Resources */ = {isa = PBXBuildFile; fileRef = 9951FD29220A0AE300CC6F01 /* Sound.caf */; };
		99543FAA21F8F88A00DA87EF /* LocationDetailsViewController.swift in Sources */ = {isa = PBXBuildFile; fileRef = 99543FA921F8F88A00DA87EF /* LocationDetailsViewController.swift */; };
		99543FAC21F926C500DA87EF /* CategoryPickerViewController.swift in Sources */ = {isa = PBXBuildFile; fileRef = 99543FAB21F926C500DA87EF /* CategoryPickerViewController.swift */; };
		99543FAE21FA31B100DA87EF /* HudView.swift in Sources */ = {isa = PBXBuildFile; fileRef = 99543FAD21FA31B100DA87EF /* HudView.swift */; };
		99543FB021FA577D00DA87EF /* Functions.swift in Sources */ = {isa = PBXBuildFile; fileRef = 99543FAF21FA577D00DA87EF /* Functions.swift */; };
		99543FB321FA849100DA87EF /* DataModel.xcdatamodeld in Sources */ = {isa = PBXBuildFile; fileRef = 99543FB121FA849100DA87EF /* DataModel.xcdatamodeld */; };
		99543FB621FA886E00DA87EF /* Location+CoreDataClass.swift in Sources */ = {isa = PBXBuildFile; fileRef = 99543FB421FA886E00DA87EF /* Location+CoreDataClass.swift */; };
		99543FB721FA886E00DA87EF /* Location+CoreDataProperties.swift in Sources */ = {isa = PBXBuildFile; fileRef = 99543FB521FA886E00DA87EF /* Location+CoreDataProperties.swift */; };
		99543FB921FB91B000DA87EF /* LocationsViewController.swift in Sources */ = {isa = PBXBuildFile; fileRef = 99543FB821FB91B000DA87EF /* LocationsViewController.swift */; };
		99543FBC21FB9C8F00DA87EF /* LocationCell.swift in Sources */ = {isa = PBXBuildFile; fileRef = 99543FBB21FB9C8F00DA87EF /* LocationCell.swift */; };
		995A970223E5E46A00C7CED4 /* CreateNoteController.swift in Sources */ = {isa = PBXBuildFile; fileRef = 995A970123E5E46A00C7CED4 /* CreateNoteController.swift */; };
		9962891F23EC856A00364A05 /* EditNoteModalController.swift in Sources */ = {isa = PBXBuildFile; fileRef = 9962891E23EC856A00364A05 /* EditNoteModalController.swift */; };
		99745706240589DE00F36648 /* CreateNoteGroupController.swift in Sources */ = {isa = PBXBuildFile; fileRef = 99745705240589DE00F36648 /* CreateNoteGroupController.swift */; };
		997457082405D01A00F36648 /* GroupNameController.swift in Sources */ = {isa = PBXBuildFile; fileRef = 997457072405D01A00F36648 /* GroupNameController.swift */; };
		9986B8FD2407007800CF4FE4 /* CreateNoteControllerSingle.swift in Sources */ = {isa = PBXBuildFile; fileRef = 9986B8FC2407007800CF4FE4 /* CreateNoteControllerSingle.swift */; };
		9990565B23EDEA7D00A7332F /* SettingsPopupController.swift in Sources */ = {isa = PBXBuildFile; fileRef = 9990565A23EDEA7D00A7332F /* SettingsPopupController.swift */; };
		9997815B240463FC0055650B /* tap.mp3 in Resources */ = {isa = PBXBuildFile; fileRef = 9997815A240463FC0055650B /* tap.mp3 */; };
		9997815D240484480055650B /* navtap.mp3 in Resources */ = {isa = PBXBuildFile; fileRef = 9997815C240484470055650B /* navtap.mp3 */; };
		999CA51923F72F8200B57222 /* CurrentOrSearchDetailController.swift in Sources */ = {isa = PBXBuildFile; fileRef = 999CA51823F72F8200B57222 /* CurrentOrSearchDetailController.swift */; };
		99A5C3E5220B3D3D00D0574D /* SearchViewController.swift in Sources */ = {isa = PBXBuildFile; fileRef = 99A5C3E4220B3D3D00D0574D /* SearchViewController.swift */; };
		99A5C3E7220B4BD700D0574D /* SearchCell.swift in Sources */ = {isa = PBXBuildFile; fileRef = 99A5C3E6220B4BD700D0574D /* SearchCell.swift */; };
		99A698DD241ED1AE006D4183 /* AboutController.swift in Sources */ = {isa = PBXBuildFile; fileRef = 99A698DC241ED1AE006D4183 /* AboutController.swift */; };
		99AC041B23FC78DA0056971D /* pop.wav in Resources */ = {isa = PBXBuildFile; fileRef = 99AC041A23FC78DA0056971D /* pop.wav */; };
		99AC041D23FC7A380056971D /* bubble.mp3 in Resources */ = {isa = PBXBuildFile; fileRef = 99AC041C23FC7A380056971D /* bubble.mp3 */; };
		99AC041F23FC7A9B0056971D /* select.mp3 in Resources */ = {isa = PBXBuildFile; fileRef = 99AC041E23FC7A9B0056971D /* select.mp3 */; };
		99AC042123FC7B2C0056971D /* map.mp3 in Resources */ = {isa = PBXBuildFile; fileRef = 99AC042023FC7B2C0056971D /* map.mp3 */; };
		99AC042323FC7DA30056971D /* pin_high.mp3 in Resources */ = {isa = PBXBuildFile; fileRef = 99AC042223FC7DA30056971D /* pin_high.mp3 */; };
		99AC042523FC7DA90056971D /* pin_low.mp3 in Resources */ = {isa = PBXBuildFile; fileRef = 99AC042423FC7DA90056971D /* pin_low.mp3 */; };
		99AC042723FC7F160056971D /* pin_low2.mp3 in Resources */ = {isa = PBXBuildFile; fileRef = 99AC042623FC7F150056971D /* pin_low2.mp3 */; };
		99AC042923FC82930056971D /* success.mp3 in Resources */ = {isa = PBXBuildFile; fileRef = 99AC042823FC82930056971D /* success.mp3 */; };
		99AC042B23FC83700056971D /* swipe.mp3 in Resources */ = {isa = PBXBuildFile; fileRef = 99AC042A23FC83700056971D /* swipe.mp3 */; };
		99B9B9BA2200D82600B7C904 /* MapKit.framework in Frameworks */ = {isa = PBXBuildFile; fileRef = 99B9B9B92200D82600B7C904 /* MapKit.framework */; };
		99BE3E092411964400D1908A /* SettingsPopupController2.swift in Sources */ = {isa = PBXBuildFile; fileRef = 99BE3E082411964400D1908A /* SettingsPopupController2.swift */; };
		99BE3E112411A7FA00D1908A /* Launch ScreenStoryboard.storyboard in Resources */ = {isa = PBXBuildFile; fileRef = 99BE3E102411A7FA00D1908A /* Launch ScreenStoryboard.storyboard */; };
		99BFE6E823E8C1C8008967CD /* CreateActualNoteController.swift in Sources */ = {isa = PBXBuildFile; fileRef = 99BFE6E723E8C1C8008967CD /* CreateActualNoteController.swift */; };
		99C2730F23FF3DBC002BCA3B /* SearchBarTableController.swift in Sources */ = {isa = PBXBuildFile; fileRef = 99C2730E23FF3DBC002BCA3B /* SearchBarTableController.swift */; };
		99C3FCE123EA0C4400DEE562 /* TheNoteDataModel.xcdatamodeld in Sources */ = {isa = PBXBuildFile; fileRef = 99C3FCDF23EA0C4400DEE562 /* TheNoteDataModel.xcdatamodeld */; };
		99C3FCE823EA191700DEE562 /* Notes+CoreDataClass.swift in Sources */ = {isa = PBXBuildFile; fileRef = 99C3FCE623EA191700DEE562 /* Notes+CoreDataClass.swift */; };
		99C3FCE923EA191700DEE562 /* Notes+CoreDataProperties.swift in Sources */ = {isa = PBXBuildFile; fileRef = 99C3FCE723EA191700DEE562 /* Notes+CoreDataProperties.swift */; };
		99C85D832406D03E0043A6F4 /* NotesGroup+CoreDataClass.swift in Sources */ = {isa = PBXBuildFile; fileRef = 99C85D812406D03E0043A6F4 /* NotesGroup+CoreDataClass.swift */; };
		99C85D842406D03E0043A6F4 /* NotesGroup+CoreDataProperties.swift in Sources */ = {isa = PBXBuildFile; fileRef = 99C85D822406D03E0043A6F4 /* NotesGroup+CoreDataProperties.swift */; };
		99E512BC2408301D00D857DF /* NoteCell_ForGroup.swift in Sources */ = {isa = PBXBuildFile; fileRef = 99E512BB2408301D00D857DF /* NoteCell_ForGroup.swift */; };
		99E625B423EB4298002D578D /* NoteCell.swift in Sources */ = {isa = PBXBuildFile; fileRef = 99E625B323EB4298002D578D /* NoteCell.swift */; };
		99FAF9AA2409915700C1E20A /* CategoryOtherPopover.swift in Sources */ = {isa = PBXBuildFile; fileRef = 99FAF9A92409915700C1E20A /* CategoryOtherPopover.swift */; };
/* End PBXBuildFile section */

/* Begin PBXFileReference section */
		198F9EEF0E5582750C227719 /* Pods-NoteStack.debug.xcconfig */ = {isa = PBXFileReference; includeInIndex = 1; lastKnownFileType = text.xcconfig; name = "Pods-NoteStack.debug.xcconfig"; path = "Target Support Files/Pods-NoteStack/Pods-NoteStack.debug.xcconfig"; sourceTree = "<group>"; };
		5723D6510182AD69EC65447D /* Pods-NoteStack.release.xcconfig */ = {isa = PBXFileReference; includeInIndex = 1; lastKnownFileType = text.xcconfig; name = "Pods-NoteStack.release.xcconfig"; path = "Target Support Files/Pods-NoteStack/Pods-NoteStack.release.xcconfig"; sourceTree = "<group>"; };
		6D16F7FB0606CCCF9B4B3F88 /* Pods_NoteStack.framework */ = {isa = PBXFileReference; explicitFileType = wrapper.framework; includeInIndex = 0; path = Pods_NoteStack.framework; sourceTree = BUILT_PRODUCTS_DIR; };
		9908613D21F63EAD00494A28 /* NoteWays.app */ = {isa = PBXFileReference; explicitFileType = wrapper.application; includeInIndex = 0; path = NoteWays.app; sourceTree = BUILT_PRODUCTS_DIR; };
		9908614021F63EAD00494A28 /* AppDelegate.swift */ = {isa = PBXFileReference; lastKnownFileType = sourcecode.swift; path = AppDelegate.swift; sourceTree = "<group>"; };
		9908614221F63EAD00494A28 /* CurrentLocationViewController.swift */ = {isa = PBXFileReference; lastKnownFileType = sourcecode.swift; path = CurrentLocationViewController.swift; sourceTree = "<group>"; };
		9908614721F63EAD00494A28 /* Base */ = {isa = PBXFileReference; lastKnownFileType = file.storyboard; name = Base; path = Base.lproj/Main.storyboard; sourceTree = "<group>"; };
		9908614921F63EAE00494A28 /* Assets.xcassets */ = {isa = PBXFileReference; lastKnownFileType = folder.assetcatalog; path = Assets.xcassets; sourceTree = "<group>"; };
		9908614E21F63EAE00494A28 /* Info.plist */ = {isa = PBXFileReference; lastKnownFileType = text.plist.xml; path = Info.plist; sourceTree = "<group>"; };
		990983C22406DA41002A614B /* NoteGroupCell.swift */ = {isa = PBXFileReference; lastKnownFileType = sourcecode.swift; path = NoteGroupCell.swift; sourceTree = "<group>"; };
		9914558223F60428000F2FAE /* CurrentOrSearchController.swift */ = {isa = PBXFileReference; lastKnownFileType = sourcecode.swift; path = CurrentOrSearchController.swift; sourceTree = "<group>"; };
		9922D216220CD207005445EC /* Pin.wav */ = {isa = PBXFileReference; lastKnownFileType = audio.wav; path = Pin.wav; sourceTree = "<group>"; };
		9922D218220CD7E5005445EC /* Water.wav */ = {isa = PBXFileReference; lastKnownFileType = audio.wav; path = Water.wav; sourceTree = "<group>"; };
		9922D21A220CD9AA005445EC /* Success.wav */ = {isa = PBXFileReference; lastKnownFileType = audio.wav; path = Success.wav; sourceTree = "<group>"; };
		9922D21E220CDF1F005445EC /* Click.wav */ = {isa = PBXFileReference; lastKnownFileType = audio.wav; path = Click.wav; sourceTree = "<group>"; };
		99247E7923E8A89F00C7BB18 /* TempCustomClassViewController.swift */ = {isa = PBXFileReference; lastKnownFileType = sourcecode.swift; path = TempCustomClassViewController.swift; sourceTree = "<group>"; };
		994E174423FB401400152C6C /* CategoryPopoverController.swift */ = {isa = PBXFileReference; lastKnownFileType = sourcecode.swift; path = CategoryPopoverController.swift; sourceTree = "<group>"; };
		994FE63E23FDCC3E007EDA09 /* SearchBarController.swift */ = {isa = PBXFileReference; lastKnownFileType = sourcecode.swift; path = SearchBarController.swift; sourceTree = "<group>"; };
		994FE64023FDCDDC007EDA09 /* LocationSearchTable.swift */ = {isa = PBXFileReference; lastKnownFileType = sourcecode.swift; path = LocationSearchTable.swift; sourceTree = "<group>"; };
		9951FD1E2200D8EC00CC6F01 /* MapViewController.swift */ = {isa = PBXFileReference; lastKnownFileType = sourcecode.swift; path = MapViewController.swift; sourceTree = "<group>"; };
		9951FD202204BA1F00CC6F01 /* UIImage+Resize.swift */ = {isa = PBXFileReference; lastKnownFileType = sourcecode.swift; path = "UIImage+Resize.swift"; sourceTree = "<group>"; };
		9951FD222204D55C00CC6F01 /* String+AddText.swift */ = {isa = PBXFileReference; lastKnownFileType = sourcecode.swift; path = "String+AddText.swift"; sourceTree = "<group>"; };
		9951FD242204F16F00CC6F01 /* MyTabBarController.swift */ = {isa = PBXFileReference; lastKnownFileType = sourcecode.swift; path = MyTabBarController.swift; sourceTree = "<group>"; };
		9951FD262204F27E00CC6F01 /* MyImagePickerController.swift */ = {isa = PBXFileReference; lastKnownFileType = sourcecode.swift; path = MyImagePickerController.swift; sourceTree = "<group>"; };
		9951FD29220A0AE300CC6F01 /* Sound.caf */ = {isa = PBXFileReference; lastKnownFileType = file; path = Sound.caf; sourceTree = "<group>"; };
		99543FA921F8F88A00DA87EF /* LocationDetailsViewController.swift */ = {isa = PBXFileReference; lastKnownFileType = sourcecode.swift; path = LocationDetailsViewController.swift; sourceTree = "<group>"; };
		99543FAB21F926C500DA87EF /* CategoryPickerViewController.swift */ = {isa = PBXFileReference; lastKnownFileType = sourcecode.swift; path = CategoryPickerViewController.swift; sourceTree = "<group>"; };
		99543FAD21FA31B100DA87EF /* HudView.swift */ = {isa = PBXFileReference; lastKnownFileType = sourcecode.swift; path = HudView.swift; sourceTree = "<group>"; };
		99543FAF21FA577D00DA87EF /* Functions.swift */ = {isa = PBXFileReference; lastKnownFileType = sourcecode.swift; path = Functions.swift; sourceTree = "<group>"; };
		99543FB221FA849100DA87EF /* DataModel.xcdatamodel */ = {isa = PBXFileReference; lastKnownFileType = wrapper.xcdatamodel; path = DataModel.xcdatamodel; sourceTree = "<group>"; };
		99543FB421FA886E00DA87EF /* Location+CoreDataClass.swift */ = {isa = PBXFileReference; lastKnownFileType = sourcecode.swift; path = "Location+CoreDataClass.swift"; sourceTree = "<group>"; };
		99543FB521FA886E00DA87EF /* Location+CoreDataProperties.swift */ = {isa = PBXFileReference; lastKnownFileType = sourcecode.swift; path = "Location+CoreDataProperties.swift"; sourceTree = "<group>"; };
		99543FB821FB91B000DA87EF /* LocationsViewController.swift */ = {isa = PBXFileReference; lastKnownFileType = sourcecode.swift; path = LocationsViewController.swift; sourceTree = "<group>"; };
		99543FBB21FB9C8F00DA87EF /* LocationCell.swift */ = {isa = PBXFileReference; lastKnownFileType = sourcecode.swift; path = LocationCell.swift; sourceTree = "<group>"; };
		995A970123E5E46A00C7CED4 /* CreateNoteController.swift */ = {isa = PBXFileReference; lastKnownFileType = sourcecode.swift; path = CreateNoteController.swift; sourceTree = "<group>"; };
		9962891E23EC856A00364A05 /* EditNoteModalController.swift */ = {isa = PBXFileReference; lastKnownFileType = sourcecode.swift; path = EditNoteModalController.swift; sourceTree = "<group>"; };
		99745705240589DE00F36648 /* CreateNoteGroupController.swift */ = {isa = PBXFileReference; lastKnownFileType = sourcecode.swift; path = CreateNoteGroupController.swift; sourceTree = "<group>"; };
		997457072405D01A00F36648 /* GroupNameController.swift */ = {isa = PBXFileReference; lastKnownFileType = sourcecode.swift; path = GroupNameController.swift; sourceTree = "<group>"; };
		9986B8FC2407007800CF4FE4 /* CreateNoteControllerSingle.swift */ = {isa = PBXFileReference; lastKnownFileType = sourcecode.swift; path = CreateNoteControllerSingle.swift; sourceTree = "<group>"; };
		9990565A23EDEA7D00A7332F /* SettingsPopupController.swift */ = {isa = PBXFileReference; lastKnownFileType = sourcecode.swift; path = SettingsPopupController.swift; sourceTree = "<group>"; };
		9997815A240463FC0055650B /* tap.mp3 */ = {isa = PBXFileReference; lastKnownFileType = audio.mp3; path = tap.mp3; sourceTree = "<group>"; };
		9997815C240484470055650B /* navtap.mp3 */ = {isa = PBXFileReference; lastKnownFileType = audio.mp3; path = navtap.mp3; sourceTree = "<group>"; };
		999CA51823F72F8200B57222 /* CurrentOrSearchDetailController.swift */ = {isa = PBXFileReference; lastKnownFileType = sourcecode.swift; path = CurrentOrSearchDetailController.swift; sourceTree = "<group>"; };
		99A5C3E4220B3D3D00D0574D /* SearchViewController.swift */ = {isa = PBXFileReference; lastKnownFileType = sourcecode.swift; path = SearchViewController.swift; sourceTree = "<group>"; };
		99A5C3E6220B4BD700D0574D /* SearchCell.swift */ = {isa = PBXFileReference; lastKnownFileType = sourcecode.swift; path = SearchCell.swift; sourceTree = "<group>"; };
		99A698DC241ED1AE006D4183 /* AboutController.swift */ = {isa = PBXFileReference; lastKnownFileType = sourcecode.swift; path = AboutController.swift; sourceTree = "<group>"; };
		99AC041A23FC78DA0056971D /* pop.wav */ = {isa = PBXFileReference; lastKnownFileType = audio.wav; path = pop.wav; sourceTree = "<group>"; };
		99AC041C23FC7A380056971D /* bubble.mp3 */ = {isa = PBXFileReference; lastKnownFileType = audio.mp3; path = bubble.mp3; sourceTree = "<group>"; };
		99AC041E23FC7A9B0056971D /* select.mp3 */ = {isa = PBXFileReference; lastKnownFileType = audio.mp3; path = select.mp3; sourceTree = "<group>"; };
		99AC042023FC7B2C0056971D /* map.mp3 */ = {isa = PBXFileReference; lastKnownFileType = audio.mp3; path = map.mp3; sourceTree = "<group>"; };
		99AC042223FC7DA30056971D /* pin_high.mp3 */ = {isa = PBXFileReference; lastKnownFileType = audio.mp3; path = pin_high.mp3; sourceTree = "<group>"; };
		99AC042423FC7DA90056971D /* pin_low.mp3 */ = {isa = PBXFileReference; lastKnownFileType = audio.mp3; path = pin_low.mp3; sourceTree = "<group>"; };
		99AC042623FC7F150056971D /* pin_low2.mp3 */ = {isa = PBXFileReference; lastKnownFileType = audio.mp3; path = pin_low2.mp3; sourceTree = "<group>"; };
		99AC042823FC82930056971D /* success.mp3 */ = {isa = PBXFileReference; lastKnownFileType = audio.mp3; path = success.mp3; sourceTree = "<group>"; };
		99AC042A23FC83700056971D /* swipe.mp3 */ = {isa = PBXFileReference; lastKnownFileType = audio.mp3; path = swipe.mp3; sourceTree = "<group>"; };
		99B9B9B92200D82600B7C904 /* MapKit.framework */ = {isa = PBXFileReference; lastKnownFileType = wrapper.framework; name = MapKit.framework; path = System/Library/Frameworks/MapKit.framework; sourceTree = SDKROOT; };
		99BE3E082411964400D1908A /* SettingsPopupController2.swift */ = {isa = PBXFileReference; lastKnownFileType = sourcecode.swift; path = SettingsPopupController2.swift; sourceTree = "<group>"; };
		99BE3E102411A7FA00D1908A /* Launch ScreenStoryboard.storyboard */ = {isa = PBXFileReference; lastKnownFileType = file.storyboard; path = "Launch ScreenStoryboard.storyboard"; sourceTree = "<group>"; };
		99BFE6E723E8C1C8008967CD /* CreateActualNoteController.swift */ = {isa = PBXFileReference; lastKnownFileType = sourcecode.swift; path = CreateActualNoteController.swift; sourceTree = "<group>"; };
		99C2730E23FF3DBC002BCA3B /* SearchBarTableController.swift */ = {isa = PBXFileReference; lastKnownFileType = sourcecode.swift; path = SearchBarTableController.swift; sourceTree = "<group>"; };
		99C3FCE023EA0C4400DEE562 /* TheNoteDataModel.xcdatamodel */ = {isa = PBXFileReference; lastKnownFileType = wrapper.xcdatamodel; path = TheNoteDataModel.xcdatamodel; sourceTree = "<group>"; };
		99C3FCE623EA191700DEE562 /* Notes+CoreDataClass.swift */ = {isa = PBXFileReference; lastKnownFileType = sourcecode.swift; path = "Notes+CoreDataClass.swift"; sourceTree = "<group>"; };
		99C3FCE723EA191700DEE562 /* Notes+CoreDataProperties.swift */ = {isa = PBXFileReference; lastKnownFileType = sourcecode.swift; path = "Notes+CoreDataProperties.swift"; sourceTree = "<group>"; };
		99C85D812406D03E0043A6F4 /* NotesGroup+CoreDataClass.swift */ = {isa = PBXFileReference; lastKnownFileType = sourcecode.swift; path = "NotesGroup+CoreDataClass.swift"; sourceTree = "<group>"; };
		99C85D822406D03E0043A6F4 /* NotesGroup+CoreDataProperties.swift */ = {isa = PBXFileReference; lastKnownFileType = sourcecode.swift; path = "NotesGroup+CoreDataProperties.swift"; sourceTree = "<group>"; };
		99E512BB2408301D00D857DF /* NoteCell_ForGroup.swift */ = {isa = PBXFileReference; lastKnownFileType = sourcecode.swift; path = NoteCell_ForGroup.swift; sourceTree = "<group>"; };
		99E625B323EB4298002D578D /* NoteCell.swift */ = {isa = PBXFileReference; lastKnownFileType = sourcecode.swift; path = NoteCell.swift; sourceTree = "<group>"; };
		99FAF9A92409915700C1E20A /* CategoryOtherPopover.swift */ = {isa = PBXFileReference; lastKnownFileType = sourcecode.swift; path = CategoryOtherPopover.swift; sourceTree = "<group>"; };
/* End PBXFileReference section */

/* Begin PBXFrameworksBuildPhase section */
		9908613A21F63EAD00494A28 /* Frameworks */ = {
			isa = PBXFrameworksBuildPhase;
			buildActionMask = 2147483647;
			files = (
				99B9B9BA2200D82600B7C904 /* MapKit.framework in Frameworks */,
				109A062F3FD64C93188EE6C1 /* Pods_NoteStack.framework in Frameworks */,
			);
			runOnlyForDeploymentPostprocessing = 0;
		};
/* End PBXFrameworksBuildPhase section */

/* Begin PBXGroup section */
		1B17651E5D1F8B8A6FEAF58A /* Pods */ = {
			isa = PBXGroup;
			children = (
				198F9EEF0E5582750C227719 /* Pods-NoteStack.debug.xcconfig */,
				5723D6510182AD69EC65447D /* Pods-NoteStack.release.xcconfig */,
			);
			path = Pods;
			sourceTree = "<group>";
		};
		9908613421F63EAD00494A28 = {
			isa = PBXGroup;
			children = (
				99C85D812406D03E0043A6F4 /* NotesGroup+CoreDataClass.swift */,
				99C85D822406D03E0043A6F4 /* NotesGroup+CoreDataProperties.swift */,
				99C3FCE623EA191700DEE562 /* Notes+CoreDataClass.swift */,
				99C3FCE723EA191700DEE562 /* Notes+CoreDataProperties.swift */,
				99543FB421FA886E00DA87EF /* Location+CoreDataClass.swift */,
				99543FB521FA886E00DA87EF /* Location+CoreDataProperties.swift */,
				9908613F21F63EAD00494A28 /* NoteStack */,
				9908613E21F63EAD00494A28 /* Products */,
				99B9B9B82200D82600B7C904 /* Frameworks */,
				1B17651E5D1F8B8A6FEAF58A /* Pods */,
			);
			sourceTree = "<group>";
		};
		9908613E21F63EAD00494A28 /* Products */ = {
			isa = PBXGroup;
			children = (
				9908613D21F63EAD00494A28 /* NoteWays.app */,
			);
			name = Products;
			sourceTree = "<group>";
		};
		9908613F21F63EAD00494A28 /* NoteStack */ = {
			isa = PBXGroup;
			children = (
				99A698DC241ED1AE006D4183 /* AboutController.swift */,
				9908614021F63EAD00494A28 /* AppDelegate.swift */,
				9908614921F63EAE00494A28 /* Assets.xcassets */,
				99FAF9A92409915700C1E20A /* CategoryOtherPopover.swift */,
				99543FAB21F926C500DA87EF /* CategoryPickerViewController.swift */,
				994E174423FB401400152C6C /* CategoryPopoverController.swift */,
				99BFE6E723E8C1C8008967CD /* CreateActualNoteController.swift */,
				995A970123E5E46A00C7CED4 /* CreateNoteController.swift */,
				9986B8FC2407007800CF4FE4 /* CreateNoteControllerSingle.swift */,
				99745705240589DE00F36648 /* CreateNoteGroupController.swift */,
				9908614221F63EAD00494A28 /* CurrentLocationViewController.swift */,
				9914558223F60428000F2FAE /* CurrentOrSearchController.swift */,
				999CA51823F72F8200B57222 /* CurrentOrSearchDetailController.swift */,
				99543FB121FA849100DA87EF /* DataModel.xcdatamodeld */,
				9962891E23EC856A00364A05 /* EditNoteModalController.swift */,
				99543FAF21FA577D00DA87EF /* Functions.swift */,
				997457072405D01A00F36648 /* GroupNameController.swift */,
				99543FAD21FA31B100DA87EF /* HudView.swift */,
				9908614E21F63EAE00494A28 /* Info.plist */,
				99BE3E102411A7FA00D1908A /* Launch ScreenStoryboard.storyboard */,
				99543FBB21FB9C8F00DA87EF /* LocationCell.swift */,
				99543FA921F8F88A00DA87EF /* LocationDetailsViewController.swift */,
				994FE64023FDCDDC007EDA09 /* LocationSearchTable.swift */,
				99543FB821FB91B000DA87EF /* LocationsViewController.swift */,
				9908614621F63EAD00494A28 /* Main.storyboard */,
				9951FD1E2200D8EC00CC6F01 /* MapViewController.swift */,
				9951FD262204F27E00CC6F01 /* MyImagePickerController.swift */,
				9951FD242204F16F00CC6F01 /* MyTabBarController.swift */,
				994FE63E23FDCC3E007EDA09 /* SearchBarController.swift */,
				99C2730E23FF3DBC002BCA3B /* SearchBarTableController.swift */,
				99A5C3E6220B4BD700D0574D /* SearchCell.swift */,
				99A5C3E4220B3D3D00D0574D /* SearchViewController.swift */,
				9990565A23EDEA7D00A7332F /* SettingsPopupController.swift */,
				99BE3E082411964400D1908A /* SettingsPopupController2.swift */,
				9951FD28220A0AE300CC6F01 /* Sound */,
				9951FD222204D55C00CC6F01 /* String+AddText.swift */,
				99247E7923E8A89F00C7BB18 /* TempCustomClassViewController.swift */,
				99C3FCDF23EA0C4400DEE562 /* TheNoteDataModel.xcdatamodeld */,
				9951FD202204BA1F00CC6F01 /* UIImage+Resize.swift */,
				99E625B223EB4288002D578D /* Views */,
			);
			path = NoteStack;
			sourceTree = "<group>";
		};
		9951FD28220A0AE300CC6F01 /* Sound */ = {
			isa = PBXGroup;
			children = (
				9951FD29220A0AE300CC6F01 /* Sound.caf */,
				9922D216220CD207005445EC /* Pin.wav */,
				99AC042423FC7DA90056971D /* pin_low.mp3 */,
				99AC042623FC7F150056971D /* pin_low2.mp3 */,
				99AC041C23FC7A380056971D /* bubble.mp3 */,
				9997815A240463FC0055650B /* tap.mp3 */,
				99AC042A23FC83700056971D /* swipe.mp3 */,
				99AC042823FC82930056971D /* success.mp3 */,
				9997815C240484470055650B /* navtap.mp3 */,
				99AC042223FC7DA30056971D /* pin_high.mp3 */,
				99AC042023FC7B2C0056971D /* map.mp3 */,
				9922D218220CD7E5005445EC /* Water.wav */,
				99AC041E23FC7A9B0056971D /* select.mp3 */,
				99AC041A23FC78DA0056971D /* pop.wav */,
				9922D21A220CD9AA005445EC /* Success.wav */,
				9922D21E220CDF1F005445EC /* Click.wav */,
			);
			path = Sound;
			sourceTree = "<group>";
		};
		99B9B9B82200D82600B7C904 /* Frameworks */ = {
			isa = PBXGroup;
			children = (
				99B9B9B92200D82600B7C904 /* MapKit.framework */,
				6D16F7FB0606CCCF9B4B3F88 /* Pods_NoteStack.framework */,
			);
			name = Frameworks;
			sourceTree = "<group>";
		};
		99E625B223EB4288002D578D /* Views */ = {
			isa = PBXGroup;
			children = (
				99E625B323EB4298002D578D /* NoteCell.swift */,
				990983C22406DA41002A614B /* NoteGroupCell.swift */,
				99E512BB2408301D00D857DF /* NoteCell_ForGroup.swift */,
			);
			path = Views;
			sourceTree = "<group>";
		};
/* End PBXGroup section */

/* Begin PBXNativeTarget section */
		9908613C21F63EAD00494A28 /* NoteStack */ = {
			isa = PBXNativeTarget;
			buildConfigurationList = 9908615121F63EAE00494A28 /* Build configuration list for PBXNativeTarget "NoteStack" */;
			buildPhases = (
				3CAD060A9B3FCA6C9D62EAD2 /* [CP] Check Pods Manifest.lock */,
				9908613921F63EAD00494A28 /* Sources */,
				9908613A21F63EAD00494A28 /* Frameworks */,
				9908613B21F63EAD00494A28 /* Resources */,
				A91322BE82E86A49C2D46866 /* [CP] Embed Pods Frameworks */,
			);
			buildRules = (
			);
			dependencies = (
			);
			name = NoteStack;
			productName = MyLocations;
			productReference = 9908613D21F63EAD00494A28 /* NoteWays.app */;
			productType = "com.apple.product-type.application";
		};
/* End PBXNativeTarget section */

/* Begin PBXProject section */
		9908613521F63EAD00494A28 /* Project object */ = {
			isa = PBXProject;
			attributes = {
				LastSwiftUpdateCheck = 1010;
				LastUpgradeCheck = 1010;
				ORGANIZATIONNAME = "Griffin Healy";
				TargetAttributes = {
					9908613C21F63EAD00494A28 = {
						CreatedOnToolsVersion = 10.1;
						SystemCapabilities = {
							com.apple.Maps.iOS = {
								enabled = 1;
							};
						};
					};
				};
			};
			buildConfigurationList = 9908613821F63EAD00494A28 /* Build configuration list for PBXProject "NoteStack" */;
			compatibilityVersion = "Xcode 9.3";
			developmentRegion = en;
			hasScannedForEncodings = 0;
			knownRegions = (
				en,
				Base,
			);
			mainGroup = 9908613421F63EAD00494A28;
			productRefGroup = 9908613E21F63EAD00494A28 /* Products */;
			projectDirPath = "";
			projectRoot = "";
			targets = (
				9908613C21F63EAD00494A28 /* NoteStack */,
			);
		};
/* End PBXProject section */

/* Begin PBXResourcesBuildPhase section */
		9908613B21F63EAD00494A28 /* Resources */ = {
			isa = PBXResourcesBuildPhase;
			buildActionMask = 2147483647;
			files = (
				99AC042323FC7DA30056971D /* pin_high.mp3 in Resources */,
				9922D21F220CDF1F005445EC /* Click.wav in Resources */,
				9908614A21F63EAE00494A28 /* Assets.xcassets in Resources */,
				99AC041D23FC7A380056971D /* bubble.mp3 in Resources */,
				99AC042723FC7F160056971D /* pin_low2.mp3 in Resources */,
				99AC041B23FC78DA0056971D /* pop.wav in Resources */,
				99AC041F23FC7A9B0056971D /* select.mp3 in Resources */,
				99AC042923FC82930056971D /* success.mp3 in Resources */,
				9922D21B220CD9AA005445EC /* Success.wav in Resources */,
				99AC042123FC7B2C0056971D /* map.mp3 in Resources */,
				9951FD2A220A0AE300CC6F01 /* Sound.caf in Resources */,
				99AC042523FC7DA90056971D /* pin_low.mp3 in Resources */,
				9997815D240484480055650B /* navtap.mp3 in Resources */,
				9922D217220CD207005445EC /* Pin.wav in Resources */,
				9922D219220CD7E5005445EC /* Water.wav in Resources */,
				99BE3E112411A7FA00D1908A /* Launch ScreenStoryboard.storyboard in Resources */,
				9908614821F63EAD00494A28 /* Main.storyboard in Resources */,
				9997815B240463FC0055650B /* tap.mp3 in Resources */,
				99AC042B23FC83700056971D /* swipe.mp3 in Resources */,
			);
			runOnlyForDeploymentPostprocessing = 0;
		};
/* End PBXResourcesBuildPhase section */

/* Begin PBXShellScriptBuildPhase section */
		3CAD060A9B3FCA6C9D62EAD2 /* [CP] Check Pods Manifest.lock */ = {
			isa = PBXShellScriptBuildPhase;
			buildActionMask = 2147483647;
			files = (
			);
			inputFileListPaths = (
			);
			inputPaths = (
				"${PODS_PODFILE_DIR_PATH}/Podfile.lock",
				"${PODS_ROOT}/Manifest.lock",
			);
			name = "[CP] Check Pods Manifest.lock";
			outputFileListPaths = (
			);
			outputPaths = (
				"$(DERIVED_FILE_DIR)/Pods-NoteStack-checkManifestLockResult.txt",
			);
			runOnlyForDeploymentPostprocessing = 0;
			shellPath = /bin/sh;
			shellScript = "diff \"${PODS_PODFILE_DIR_PATH}/Podfile.lock\" \"${PODS_ROOT}/Manifest.lock\" > /dev/null\nif [ $? != 0 ] ; then\n    # print error to STDERR\n    echo \"error: The sandbox is not in sync with the Podfile.lock. Run 'pod install' or update your CocoaPods installation.\" >&2\n    exit 1\nfi\n# This output is used by Xcode 'outputs' to avoid re-running this script phase.\necho \"SUCCESS\" > \"${SCRIPT_OUTPUT_FILE_0}\"\n";
			showEnvVarsInLog = 0;
		};
		A91322BE82E86A49C2D46866 /* [CP] Embed Pods Frameworks */ = {
			isa = PBXShellScriptBuildPhase;
			buildActionMask = 2147483647;
			files = (
			);
			inputFileListPaths = (
				"${PODS_ROOT}/Target Support Files/Pods-NoteStack/Pods-NoteStack-frameworks-${CONFIGURATION}-input-files.xcfilelist",
			);
			name = "[CP] Embed Pods Frameworks";
			outputFileListPaths = (
				"${PODS_ROOT}/Target Support Files/Pods-NoteStack/Pods-NoteStack-frameworks-${CONFIGURATION}-output-files.xcfilelist",
			);
			runOnlyForDeploymentPostprocessing = 0;
			shellPath = /bin/sh;
			shellScript = "\"${PODS_ROOT}/Target Support Files/Pods-NoteStack/Pods-NoteStack-frameworks.sh\"\n";
			showEnvVarsInLog = 0;
		};
/* End PBXShellScriptBuildPhase section */

/* Begin PBXSourcesBuildPhase section */
		9908613921F63EAD00494A28 /* Sources */ = {
			isa = PBXSourcesBuildPhase;
			buildActionMask = 2147483647;
			files = (
				9914558323F60428000F2FAE /* CurrentOrSearchController.swift in Sources */,
				99543FAA21F8F88A00DA87EF /* LocationDetailsViewController.swift in Sources */,
				99543FB321FA849100DA87EF /* DataModel.xcdatamodeld in Sources */,
				99E512BC2408301D00D857DF /* NoteCell_ForGroup.swift in Sources */,
				99C85D832406D03E0043A6F4 /* NotesGroup+CoreDataClass.swift in Sources */,
				99C2730F23FF3DBC002BCA3B /* SearchBarTableController.swift in Sources */,
				99FAF9AA2409915700C1E20A /* CategoryOtherPopover.swift in Sources */,
				99C3FCE823EA191700DEE562 /* Notes+CoreDataClass.swift in Sources */,
				99543FAE21FA31B100DA87EF /* HudView.swift in Sources */,
				99A5C3E5220B3D3D00D0574D /* SearchViewController.swift in Sources */,
				99A698DD241ED1AE006D4183 /* AboutController.swift in Sources */,
				995A970223E5E46A00C7CED4 /* CreateNoteController.swift in Sources */,
				994E174523FB401400152C6C /* CategoryPopoverController.swift in Sources */,
				99247E7A23E8A89F00C7BB18 /* TempCustomClassViewController.swift in Sources */,
				9962891F23EC856A00364A05 /* EditNoteModalController.swift in Sources */,
				9951FD272204F27E00CC6F01 /* MyImagePickerController.swift in Sources */,
				994FE64123FDCDDC007EDA09 /* LocationSearchTable.swift in Sources */,
				9990565B23EDEA7D00A7332F /* SettingsPopupController.swift in Sources */,
				9986B8FD2407007800CF4FE4 /* CreateNoteControllerSingle.swift in Sources */,
				99C85D842406D03E0043A6F4 /* NotesGroup+CoreDataProperties.swift in Sources */,
				99BFE6E823E8C1C8008967CD /* CreateActualNoteController.swift in Sources */,
				99543FB921FB91B000DA87EF /* LocationsViewController.swift in Sources */,
				99543FB721FA886E00DA87EF /* Location+CoreDataProperties.swift in Sources */,
				99BE3E092411964400D1908A /* SettingsPopupController2.swift in Sources */,
				99543FBC21FB9C8F00DA87EF /* LocationCell.swift in Sources */,
				9951FD212204BA1F00CC6F01 /* UIImage+Resize.swift in Sources */,
				999CA51923F72F8200B57222 /* CurrentOrSearchDetailController.swift in Sources */,
				99543FB021FA577D00DA87EF /* Functions.swift in Sources */,
				990983C32406DA41002A614B /* NoteGroupCell.swift in Sources */,
				9908614121F63EAD00494A28 /* AppDelegate.swift in Sources */,
				99543FB621FA886E00DA87EF /* Location+CoreDataClass.swift in Sources */,
				99543FAC21F926C500DA87EF /* CategoryPickerViewController.swift in Sources */,
				99A5C3E7220B4BD700D0574D /* SearchCell.swift in Sources */,
				997457082405D01A00F36648 /* GroupNameController.swift in Sources */,
				99745706240589DE00F36648 /* CreateNoteGroupController.swift in Sources */,
				9951FD232204D55C00CC6F01 /* String+AddText.swift in Sources */,
				9908614321F63EAD00494A28 /* CurrentLocationViewController.swift in Sources */,
				99C3FCE123EA0C4400DEE562 /* TheNoteDataModel.xcdatamodeld in Sources */,
				99C3FCE923EA191700DEE562 /* Notes+CoreDataProperties.swift in Sources */,
				99E625B423EB4298002D578D /* NoteCell.swift in Sources */,
				9951FD1F2200D8EC00CC6F01 /* MapViewController.swift in Sources */,
				994FE63F23FDCC3E007EDA09 /* SearchBarController.swift in Sources */,
				9951FD252204F16F00CC6F01 /* MyTabBarController.swift in Sources */,
			);
			runOnlyForDeploymentPostprocessing = 0;
		};
/* End PBXSourcesBuildPhase section */

/* Begin PBXVariantGroup section */
		9908614621F63EAD00494A28 /* Main.storyboard */ = {
			isa = PBXVariantGroup;
			children = (
				9908614721F63EAD00494A28 /* Base */,
			);
			name = Main.storyboard;
			sourceTree = "<group>";
		};
/* End PBXVariantGroup section */

/* Begin XCBuildConfiguration section */
		9908614F21F63EAE00494A28 /* Debug */ = {
			isa = XCBuildConfiguration;
			buildSettings = {
				ALWAYS_SEARCH_USER_PATHS = NO;
				CLANG_ANALYZER_NONNULL = YES;
				CLANG_ANALYZER_NUMBER_OBJECT_CONVERSION = YES_AGGRESSIVE;
				CLANG_CXX_LANGUAGE_STANDARD = "gnu++14";
				CLANG_CXX_LIBRARY = "libc++";
				CLANG_ENABLE_MODULES = YES;
				CLANG_ENABLE_OBJC_ARC = YES;
				CLANG_ENABLE_OBJC_WEAK = YES;
				CLANG_WARN_BLOCK_CAPTURE_AUTORELEASING = YES;
				CLANG_WARN_BOOL_CONVERSION = YES;
				CLANG_WARN_COMMA = YES;
				CLANG_WARN_CONSTANT_CONVERSION = YES;
				CLANG_WARN_DEPRECATED_OBJC_IMPLEMENTATIONS = YES;
				CLANG_WARN_DIRECT_OBJC_ISA_USAGE = YES_ERROR;
				CLANG_WARN_DOCUMENTATION_COMMENTS = YES;
				CLANG_WARN_EMPTY_BODY = YES;
				CLANG_WARN_ENUM_CONVERSION = YES;
				CLANG_WARN_INFINITE_RECURSION = YES;
				CLANG_WARN_INT_CONVERSION = YES;
				CLANG_WARN_NON_LITERAL_NULL_CONVERSION = YES;
				CLANG_WARN_OBJC_IMPLICIT_RETAIN_SELF = YES;
				CLANG_WARN_OBJC_LITERAL_CONVERSION = YES;
				CLANG_WARN_OBJC_ROOT_CLASS = YES_ERROR;
				CLANG_WARN_RANGE_LOOP_ANALYSIS = YES;
				CLANG_WARN_STRICT_PROTOTYPES = YES;
				CLANG_WARN_SUSPICIOUS_MOVE = YES;
				CLANG_WARN_UNGUARDED_AVAILABILITY = YES_AGGRESSIVE;
				CLANG_WARN_UNREACHABLE_CODE = YES;
				CLANG_WARN__DUPLICATE_METHOD_MATCH = YES;
				CODE_SIGN_IDENTITY = "iPhone Developer";
				COPY_PHASE_STRIP = NO;
				DEBUG_INFORMATION_FORMAT = dwarf;
				ENABLE_STRICT_OBJC_MSGSEND = YES;
				ENABLE_TESTABILITY = YES;
				GCC_C_LANGUAGE_STANDARD = gnu11;
				GCC_DYNAMIC_NO_PIC = NO;
				GCC_NO_COMMON_BLOCKS = YES;
				GCC_OPTIMIZATION_LEVEL = 0;
				GCC_PREPROCESSOR_DEFINITIONS = (
					"DEBUG=1",
					"$(inherited)",
				);
				GCC_WARN_64_TO_32_BIT_CONVERSION = YES;
				GCC_WARN_ABOUT_RETURN_TYPE = YES_ERROR;
				GCC_WARN_UNDECLARED_SELECTOR = YES;
				GCC_WARN_UNINITIALIZED_AUTOS = YES_AGGRESSIVE;
				GCC_WARN_UNUSED_FUNCTION = YES;
				GCC_WARN_UNUSED_VARIABLE = YES;
				IPHONEOS_DEPLOYMENT_TARGET = 11.0;
				MTL_ENABLE_DEBUG_INFO = INCLUDE_SOURCE;
				MTL_FAST_MATH = YES;
				ONLY_ACTIVE_ARCH = YES;
				SDKROOT = iphoneos;
				SWIFT_ACTIVE_COMPILATION_CONDITIONS = DEBUG;
				SWIFT_OPTIMIZATION_LEVEL = "-Onone";
			};
			name = Debug;
		};
		9908615021F63EAE00494A28 /* Release */ = {
			isa = XCBuildConfiguration;
			buildSettings = {
				ALWAYS_SEARCH_USER_PATHS = NO;
				CLANG_ANALYZER_NONNULL = YES;
				CLANG_ANALYZER_NUMBER_OBJECT_CONVERSION = YES_AGGRESSIVE;
				CLANG_CXX_LANGUAGE_STANDARD = "gnu++14";
				CLANG_CXX_LIBRARY = "libc++";
				CLANG_ENABLE_MODULES = YES;
				CLANG_ENABLE_OBJC_ARC = YES;
				CLANG_ENABLE_OBJC_WEAK = YES;
				CLANG_WARN_BLOCK_CAPTURE_AUTORELEASING = YES;
				CLANG_WARN_BOOL_CONVERSION = YES;
				CLANG_WARN_COMMA = YES;
				CLANG_WARN_CONSTANT_CONVERSION = YES;
				CLANG_WARN_DEPRECATED_OBJC_IMPLEMENTATIONS = YES;
				CLANG_WARN_DIRECT_OBJC_ISA_USAGE = YES_ERROR;
				CLANG_WARN_DOCUMENTATION_COMMENTS = YES;
				CLANG_WARN_EMPTY_BODY = YES;
				CLANG_WARN_ENUM_CONVERSION = YES;
				CLANG_WARN_INFINITE_RECURSION = YES;
				CLANG_WARN_INT_CONVERSION = YES;
				CLANG_WARN_NON_LITERAL_NULL_CONVERSION = YES;
				CLANG_WARN_OBJC_IMPLICIT_RETAIN_SELF = YES;
				CLANG_WARN_OBJC_LITERAL_CONVERSION = YES;
				CLANG_WARN_OBJC_ROOT_CLASS = YES_ERROR;
				CLANG_WARN_RANGE_LOOP_ANALYSIS = YES;
				CLANG_WARN_STRICT_PROTOTYPES = YES;
				CLANG_WARN_SUSPICIOUS_MOVE = YES;
				CLANG_WARN_UNGUARDED_AVAILABILITY = YES_AGGRESSIVE;
				CLANG_WARN_UNREACHABLE_CODE = YES;
				CLANG_WARN__DUPLICATE_METHOD_MATCH = YES;
				CODE_SIGN_IDENTITY = "iPhone Developer";
				COPY_PHASE_STRIP = NO;
				DEBUG_INFORMATION_FORMAT = "dwarf-with-dsym";
				ENABLE_NS_ASSERTIONS = NO;
				ENABLE_STRICT_OBJC_MSGSEND = YES;
				GCC_C_LANGUAGE_STANDARD = gnu11;
				GCC_NO_COMMON_BLOCKS = YES;
				GCC_WARN_64_TO_32_BIT_CONVERSION = YES;
				GCC_WARN_ABOUT_RETURN_TYPE = YES_ERROR;
				GCC_WARN_UNDECLARED_SELECTOR = YES;
				GCC_WARN_UNINITIALIZED_AUTOS = YES_AGGRESSIVE;
				GCC_WARN_UNUSED_FUNCTION = YES;
				GCC_WARN_UNUSED_VARIABLE = YES;
				IPHONEOS_DEPLOYMENT_TARGET = 11.0;
				MTL_ENABLE_DEBUG_INFO = NO;
				MTL_FAST_MATH = YES;
				SDKROOT = iphoneos;
				SWIFT_COMPILATION_MODE = wholemodule;
				SWIFT_OPTIMIZATION_LEVEL = "-O";
				VALIDATE_PRODUCT = YES;
			};
			name = Release;
		};
		9908615221F63EAE00494A28 /* Debug */ = {
			isa = XCBuildConfiguration;
			baseConfigurationReference = 198F9EEF0E5582750C227719 /* Pods-NoteStack.debug.xcconfig */;
			buildSettings = {
				ASSETCATALOG_COMPILER_APPICON_NAME = AppIcon;
				ASSETCATALOG_COMPILER_LAUNCHIMAGE_NAME = "";
				CODE_SIGN_STYLE = Automatic;
				CURRENT_PROJECT_VERSION = 5;
				DEVELOPMENT_TEAM = H5XL2GBF4E;
				INFOPLIST_FILE = NoteStack/Info.plist;
				IPHONEOS_DEPLOYMENT_TARGET = 11.0;
				LD_RUNPATH_SEARCH_PATHS = (
					"$(inherited)",
					"@executable_path/Frameworks",
				);
				PRODUCT_BUNDLE_IDENTIFIER = com.GriffinHealyCo.NoteStack;
				PRODUCT_NAME = NoteWays;
				SWIFT_VERSION = 5.0;
				TARGETED_DEVICE_FAMILY = 1;
			};
			name = Debug;
		};
		9908615321F63EAE00494A28 /* Release */ = {
			isa = XCBuildConfiguration;
			baseConfigurationReference = 5723D6510182AD69EC65447D /* Pods-NoteStack.release.xcconfig */;
			buildSettings = {
				ASSETCATALOG_COMPILER_APPICON_NAME = AppIcon;
				ASSETCATALOG_COMPILER_LAUNCHIMAGE_NAME = "";
				CODE_SIGN_STYLE = Automatic;
				CURRENT_PROJECT_VERSION = 5;
				DEVELOPMENT_TEAM = H5XL2GBF4E;
				INFOPLIST_FILE = NoteStack/Info.plist;
				IPHONEOS_DEPLOYMENT_TARGET = 11.0;
				LD_RUNPATH_SEARCH_PATHS = (
					"$(inherited)",
					"@executable_path/Frameworks",
				);
				PRODUCT_BUNDLE_IDENTIFIER = com.GriffinHealyCo.NoteStack;
				PRODUCT_NAME = NoteWays;
				SWIFT_VERSION = 5.0;
				TARGETED_DEVICE_FAMILY = 1;
			};
			name = Release;
		};
/* End XCBuildConfiguration section */

/* Begin XCConfigurationList section */
		9908613821F63EAD00494A28 /* Build configuration list for PBXProject "NoteStack" */ = {
			isa = XCConfigurationList;
			buildConfigurations = (
				9908614F21F63EAE00494A28 /* Debug */,
				9908615021F63EAE00494A28 /* Release */,
			);
			defaultConfigurationIsVisible = 0;
			defaultConfigurationName = Release;
		};
		9908615121F63EAE00494A28 /* Build configuration list for PBXNativeTarget "NoteStack" */ = {
			isa = XCConfigurationList;
			buildConfigurations = (
				9908615221F63EAE00494A28 /* Debug */,
				9908615321F63EAE00494A28 /* Release */,
			);
			defaultConfigurationIsVisible = 0;
			defaultConfigurationName = Release;
		};
/* End XCConfigurationList section */

/* Begin XCVersionGroup section */
		99543FB121FA849100DA87EF /* DataModel.xcdatamodeld */ = {
			isa = XCVersionGroup;
			children = (
				99543FB221FA849100DA87EF /* DataModel.xcdatamodel */,
			);
			currentVersion = 99543FB221FA849100DA87EF /* DataModel.xcdatamodel */;
			path = DataModel.xcdatamodeld;
			sourceTree = "<group>";
			versionGroupType = wrapper.xcdatamodel;
		};
		99C3FCDF23EA0C4400DEE562 /* TheNoteDataModel.xcdatamodeld */ = {
			isa = XCVersionGroup;
			children = (
				99C3FCE023EA0C4400DEE562 /* TheNoteDataModel.xcdatamodel */,
			);
			currentVersion = 99C3FCE023EA0C4400DEE562 /* TheNoteDataModel.xcdatamodel */;
			path = TheNoteDataModel.xcdatamodeld;
			sourceTree = "<group>";
			versionGroupType = wrapper.xcdatamodel;
		};
/* End XCVersionGroup section */
	};
	rootObject = 9908613521F63EAD00494A28 /* Project object */;
}
